
Microsoft Visual Studio Solution File, Format Version 12.00
# Visual Studio Version 17
VisualStudioVersion = 17.0.32126.317
MinimumVisualStudioVersion = 10.0.40219.1
Project("{8BC9CEB8-8B4A-11D0-8D11-00A0C91BC942}") = "reversi", "reversi\reversi.vcxproj", "{7E4416A0-5AE9-4579-A4C8-1A505F431FC8}"
EndProject
Global
	GlobalSection(SolutionConfigurationPlatforms) = preSolution
		Debug|x64 = Debug|x64
		Debug|x86 = Debug|x86
		Release|x64 = Release|x64
		Release|x86 = Release|x86
	EndGlobalSection
	GlobalSection(ProjectConfigurationPlatforms) = postSolution
		{7E4416A0-5AE9-4579-A4C8-1A505F431FC8}.Debug|x64.ActiveCfg = Debug|x64
		{7E4416A0-5AE9-4579-A4C8-1A505F431FC8}.Debug|x64.Build.0 = Debug|x64
		{7E4416A0-5AE9-4579-A4C8-1A505F431FC8}.Debug|x86.ActiveCfg = Debug|Win32
		{7E4416A0-5AE9-4579-A4C8-1A505F431FC8}.Debug|x86.Build.0 = Debug|Win32
		{7E4416A0-5AE9-4579-A4C8-1A505F431FC8}.Release|x64.ActiveCfg = Release|x64
		{7E4416A0-5AE9-4579-A4C8-1A505F431FC8}.Release|x64.Build.0 = Release|x64
		{7E4416A0-5AE9-4579-A4C8-1A505F431FC8}.Release|x86.ActiveCfg = Release|Win32
		{7E4416A0-5AE9-4579-A4C8-1A505F431FC8}.Release|x86.Build.0 = Release|Win32
	EndGlobalSection
	GlobalSection(SolutionProperties) = preSolution
		HideSolutionNode = FALSE
	EndGlobalSection
	GlobalSection(ExtensibilityGlobals) = postSolution
		SolutionGuid = {89416935-FF76-4413-B5F4-B82D3C338D05}
	EndGlobalSection
EndGlobal
